
Microsoft Visual Studio Solution File, Format Version 12.00
# Visual Studio Version 17
VisualStudioVersion = 17.2.32630.192
MinimumVisualStudioVersion = 10.0.40219.1
Project("{9A19103F-16F7-4668-BE54-9A1E7A4F7556}") = "MusicAbstraction", "CAC\MusicAbstraction.csproj", "{2C569F80-9DE7-47AD-9E38-E66DC5F6CCA8}"
EndProject
Global
	GlobalSection(SolutionConfigurationPlatforms) = preSolution
		Debug|Any CPU = Debug|Any CPU
		Release|Any CPU = Release|Any CPU
	EndGlobalSection
	GlobalSection(ProjectConfigurationPlatforms) = postSolution
		{2C569F80-9DE7-47AD-9E38-E66DC5F6CCA8}.Debug|Any CPU.ActiveCfg = Debug|Any CPU
		{2C569F80-9DE7-47AD-9E38-E66DC5F6CCA8}.Debug|Any CPU.Build.0 = Debug|Any CPU
		{2C569F80-9DE7-47AD-9E38-E66DC5F6CCA8}.Release|Any CPU.ActiveCfg = Release|Any CPU
		{2C569F80-9DE7-47AD-9E38-E66DC5F6CCA8}.Release|Any CPU.Build.0 = Release|Any CPU
	EndGlobalSection
	GlobalSection(SolutionProperties) = preSolution
		HideSolutionNode = FALSE
	EndGlobalSection
	GlobalSection(ExtensibilityGlobals) = postSolution
		SolutionGuid = {6FD326DE-6D1D-4889-97B5-6AC76FA7EE9D}
	EndGlobalSection
EndGlobal
